// !$*UTF8*$!
{
	archiveVersion = 1;
	classes = {
	};
	objectVersion = 50;
	objects = {

/* Begin PBXBuildFile section */
		927E8E5B22A2787B009E2784 /* variableexpression.cpp in Sources */ = {isa = PBXBuildFile; fileRef = 927E8E5A22A2787B009E2784 /* variableexpression.cpp */; };
		92850B9022883533006E13B1 /* main.cpp in Sources */ = {isa = PBXBuildFile; fileRef = 92850B8F22883533006E13B1 /* main.cpp */; };
		9295DD6C229889E5001550AE /* scanner.cpp in Sources */ = {isa = PBXBuildFile; fileRef = 9295DD6B229889E5001550AE /* scanner.cpp */; };
		92B6F0F922A0451A009F7F3F /* parser.cpp in Sources */ = {isa = PBXBuildFile; fileRef = 92B6F0F722A0451A009F7F3F /* parser.cpp */; };
		92B6F0FB22A11E19009F7F3F /* binaryoperation.cpp in Sources */ = {isa = PBXBuildFile; fileRef = 92B6F0FA22A11E19009F7F3F /* binaryoperation.cpp */; };
		92B6F0FD22A12BCA009F7F3F /* constantexpression.cpp in Sources */ = {isa = PBXBuildFile; fileRef = 92B6F0FC22A12BCA009F7F3F /* constantexpression.cpp */; };
		92B6F0FF22A12DB9009F7F3F /* expression.cpp in Sources */ = {isa = PBXBuildFile; fileRef = 92B6F0FE22A12DB9009F7F3F /* expression.cpp */; };
		92C2AC34229FBF7E007C379D /* evalstate.cpp in Sources */ = {isa = PBXBuildFile; fileRef = 92C2AC33229FBF7E007C379D /* evalstate.cpp */; };
/* End PBXBuildFile section */

/* Begin PBXCopyFilesBuildPhase section */
		92850B8A22883533006E13B1 /* CopyFiles */ = {
			isa = PBXCopyFilesBuildPhase;
			buildActionMask = 2147483647;
			dstPath = /usr/share/man/man1/;
			dstSubfolderSpec = 0;
			files = (
			);
			runOnlyForDeploymentPostprocessing = 1;
		};
/* End PBXCopyFilesBuildPhase section */

/* Begin PBXFileReference section */
		921D237922A674F20095B1D7 /* graphutils.h */ = {isa = PBXFileReference; lastKnownFileType = sourcecode.c.h; path = graphutils.h; sourceTree = "<group>"; };
		927E8E5A22A2787B009E2784 /* variableexpression.cpp */ = {isa = PBXFileReference; lastKnownFileType = sourcecode.cpp.cpp; path = variableexpression.cpp; sourceTree = "<group>"; };
		92850B8C22883533006E13B1 /* Testing2 */ = {isa = PBXFileReference; explicitFileType = "compiled.mach-o.executable"; includeInIndex = 0; path = Testing2; sourceTree = BUILT_PRODUCTS_DIR; };
		92850B8F22883533006E13B1 /* main.cpp */ = {isa = PBXFileReference; lastKnownFileType = sourcecode.cpp.cpp; path = main.cpp; sourceTree = "<group>"; };
		9295DD6A229889C3001550AE /* scanner.h */ = {isa = PBXFileReference; lastKnownFileType = sourcecode.c.h; path = scanner.h; sourceTree = "<group>"; };
		9295DD6B229889E5001550AE /* scanner.cpp */ = {isa = PBXFileReference; lastKnownFileType = sourcecode.cpp.cpp; path = scanner.cpp; sourceTree = "<group>"; };
		9295DD6E229B0E87001550AE /* expression.h */ = {isa = PBXFileReference; lastKnownFileType = sourcecode.c.h; path = expression.h; sourceTree = "<group>"; };
		9295DD71229B1194001550AE /* evalstate.h */ = {isa = PBXFileReference; lastKnownFileType = sourcecode.c.h; path = evalstate.h; sourceTree = "<group>"; };
		92B6F0F722A0451A009F7F3F /* parser.cpp */ = {isa = PBXFileReference; lastKnownFileType = sourcecode.cpp.cpp; path = parser.cpp; sourceTree = "<group>"; };
		92B6F0F822A0451A009F7F3F /* parser.h */ = {isa = PBXFileReference; lastKnownFileType = sourcecode.c.h; path = parser.h; sourceTree = "<group>"; };
		92B6F0FA22A11E19009F7F3F /* binaryoperation.cpp */ = {isa = PBXFileReference; lastKnownFileType = sourcecode.cpp.cpp; path = binaryoperation.cpp; sourceTree = "<group>"; };
		92B6F0FC22A12BCA009F7F3F /* constantexpression.cpp */ = {isa = PBXFileReference; lastKnownFileType = sourcecode.cpp.cpp; path = constantexpression.cpp; sourceTree = "<group>"; };
		92B6F0FE22A12DB9009F7F3F /* expression.cpp */ = {isa = PBXFileReference; lastKnownFileType = sourcecode.cpp.cpp; path = expression.cpp; sourceTree = "<group>"; };
		92C2AC33229FBF7E007C379D /* evalstate.cpp */ = {isa = PBXFileReference; lastKnownFileType = sourcecode.cpp.cpp; path = evalstate.cpp; sourceTree = "<group>"; };
		92C2AC35229FC52F007C379D /* constantexpression.h */ = {isa = PBXFileReference; lastKnownFileType = sourcecode.c.h; path = constantexpression.h; sourceTree = "<group>"; };
		92C2AC36229FC73C007C379D /* variableexpression.h */ = {isa = PBXFileReference; lastKnownFileType = sourcecode.c.h; path = variableexpression.h; sourceTree = "<group>"; };
		92C2AC37229FC7B5007C379D /* binaryoperation.h */ = {isa = PBXFileReference; lastKnownFileType = sourcecode.c.h; path = binaryoperation.h; sourceTree = "<group>"; };
/* End PBXFileReference section */

/* Begin PBXFrameworksBuildPhase section */
		92850B8922883533006E13B1 /* Frameworks */ = {
			isa = PBXFrameworksBuildPhase;
			buildActionMask = 2147483647;
			files = (
			);
			runOnlyForDeploymentPostprocessing = 0;
		};
/* End PBXFrameworksBuildPhase section */

/* Begin PBXGroup section */
		92850B8322883533006E13B1 = {
			isa = PBXGroup;
			children = (
				92850B8E22883533006E13B1 /* Testing2 */,
				92850B8D22883533006E13B1 /* Products */,
			);
			sourceTree = "<group>";
		};
		92850B8D22883533006E13B1 /* Products */ = {
			isa = PBXGroup;
			children = (
				92850B8C22883533006E13B1 /* Testing2 */,
			);
			name = Products;
			sourceTree = "<group>";
		};
		92850B8E22883533006E13B1 /* Testing2 */ = {
			isa = PBXGroup;
			children = (
				92850B8F22883533006E13B1 /* main.cpp */,
				921D237922A674F20095B1D7 /* graphutils.h */,
				9295DD6A229889C3001550AE /* scanner.h */,
				9295DD6E229B0E87001550AE /* expression.h */,
				92B6F0FE22A12DB9009F7F3F /* expression.cpp */,
				92C2AC37229FC7B5007C379D /* binaryoperation.h */,
				92B6F0FA22A11E19009F7F3F /* binaryoperation.cpp */,
				92B6F0F722A0451A009F7F3F /* parser.cpp */,
				92B6F0F822A0451A009F7F3F /* parser.h */,
				92C2AC35229FC52F007C379D /* constantexpression.h */,
				92B6F0FC22A12BCA009F7F3F /* constantexpression.cpp */,
				92C2AC36229FC73C007C379D /* variableexpression.h */,
				927E8E5A22A2787B009E2784 /* variableexpression.cpp */,
				9295DD6B229889E5001550AE /* scanner.cpp */,
				9295DD71229B1194001550AE /* evalstate.h */,
				92C2AC33229FBF7E007C379D /* evalstate.cpp */,
			);
			path = Testing2;
			sourceTree = "<group>";
		};
/* End PBXGroup section */

/* Begin PBXNativeTarget section */
		92850B8B22883533006E13B1 /* Testing2 */ = {
			isa = PBXNativeTarget;
			buildConfigurationList = 92850B9322883533006E13B1 /* Build configuration list for PBXNativeTarget "Testing2" */;
			buildPhases = (
				92850B8822883533006E13B1 /* Sources */,
				92850B8922883533006E13B1 /* Frameworks */,
				92850B8A22883533006E13B1 /* CopyFiles */,
			);
			buildRules = (
			);
			dependencies = (
			);
			name = Testing2;
			productName = Testing2;
			productReference = 92850B8C22883533006E13B1 /* Testing2 */;
			productType = "com.apple.product-type.tool";
		};
/* End PBXNativeTarget section */

/* Begin PBXProject section */
		92850B8422883533006E13B1 /* Project object */ = {
			isa = PBXProject;
			attributes = {
				LastUpgradeCheck = 1020;
				ORGANIZATIONNAME = AnthonyFPP;
				TargetAttributes = {
					92850B8B22883533006E13B1 = {
						CreatedOnToolsVersion = 10.2.1;
					};
				};
			};
			buildConfigurationList = 92850B8722883533006E13B1 /* Build configuration list for PBXProject "Testing2" */;
			compatibilityVersion = "Xcode 9.3";
			developmentRegion = en;
			hasScannedForEncodings = 0;
			knownRegions = (
				en,
			);
			mainGroup = 92850B8322883533006E13B1;
			productRefGroup = 92850B8D22883533006E13B1 /* Products */;
			projectDirPath = "";
			projectRoot = "";
			targets = (
				92850B8B22883533006E13B1 /* Testing2 */,
			);
		};
/* End PBXProject section */

/* Begin PBXSourcesBuildPhase section */
		92850B8822883533006E13B1 /* Sources */ = {
			isa = PBXSourcesBuildPhase;
			buildActionMask = 2147483647;
			files = (
				92B6F0FB22A11E19009F7F3F /* binaryoperation.cpp in Sources */,
				92B6F0FF22A12DB9009F7F3F /* expression.cpp in Sources */,
				92B6F0F922A0451A009F7F3F /* parser.cpp in Sources */,
				9295DD6C229889E5001550AE /* scanner.cpp in Sources */,
				92B6F0FD22A12BCA009F7F3F /* constantexpression.cpp in Sources */,
				927E8E5B22A2787B009E2784 /* variableexpression.cpp in Sources */,
				92850B9022883533006E13B1 /* main.cpp in Sources */,
				92C2AC34229FBF7E007C379D /* evalstate.cpp in Sources */,
			);
			runOnlyForDeploymentPostprocessing = 0;
		};
/* End PBXSourcesBuildPhase section */

/* Begin XCBuildConfiguration section */
		92850B9122883533006E13B1 /* Debug */ = {
			isa = XCBuildConfiguration;
			buildSettings = {
				ALWAYS_SEARCH_USER_PATHS = NO;
				CLANG_ANALYZER_NONNULL = YES;
				CLANG_ANALYZER_NUMBER_OBJECT_CONVERSION = YES_AGGRESSIVE;
				CLANG_CXX_LANGUAGE_STANDARD = "gnu++14";
				CLANG_CXX_LIBRARY = "libc++";
				CLANG_ENABLE_MODULES = YES;
				CLANG_ENABLE_OBJC_ARC = YES;
				CLANG_ENABLE_OBJC_WEAK = YES;
				CLANG_WARN_BLOCK_CAPTURE_AUTORELEASING = YES;
				CLANG_WARN_BOOL_CONVERSION = YES;
				CLANG_WARN_COMMA = YES;
				CLANG_WARN_CONSTANT_CONVERSION = YES;
				CLANG_WARN_DEPRECATED_OBJC_IMPLEMENTATIONS = YES;
				CLANG_WARN_DIRECT_OBJC_ISA_USAGE = YES_ERROR;
				CLANG_WARN_DOCUMENTATION_COMMENTS = YES;
				CLANG_WARN_EMPTY_BODY = YES;
				CLANG_WARN_ENUM_CONVERSION = YES;
				CLANG_WARN_INFINITE_RECURSION = YES;
				CLANG_WARN_INT_CONVERSION = YES;
				CLANG_WARN_NON_LITERAL_NULL_CONVERSION = YES;
				CLANG_WARN_OBJC_IMPLICIT_RETAIN_SELF = YES;
				CLANG_WARN_OBJC_LITERAL_CONVERSION = YES;
				CLANG_WARN_OBJC_ROOT_CLASS = YES_ERROR;
				CLANG_WARN_RANGE_LOOP_ANALYSIS = YES;
				CLANG_WARN_STRICT_PROTOTYPES = YES;
				CLANG_WARN_SUSPICIOUS_MOVE = YES;
				CLANG_WARN_UNGUARDED_AVAILABILITY = YES_AGGRESSIVE;
				CLANG_WARN_UNREACHABLE_CODE = YES;
				CLANG_WARN__DUPLICATE_METHOD_MATCH = YES;
				CODE_SIGN_IDENTITY = "-";
				COPY_PHASE_STRIP = NO;
				DEBUG_INFORMATION_FORMAT = dwarf;
				ENABLE_STRICT_OBJC_MSGSEND = YES;
				ENABLE_TESTABILITY = YES;
				GCC_C_LANGUAGE_STANDARD = gnu11;
				GCC_DYNAMIC_NO_PIC = NO;
				GCC_NO_COMMON_BLOCKS = YES;
				GCC_OPTIMIZATION_LEVEL = 0;
				GCC_PREPROCESSOR_DEFINITIONS = (
					"DEBUG=1",
					"$(inherited)",
				);
				GCC_WARN_64_TO_32_BIT_CONVERSION = YES;
				GCC_WARN_ABOUT_RETURN_TYPE = YES_ERROR;
				GCC_WARN_UNDECLARED_SELECTOR = YES;
				GCC_WARN_UNINITIALIZED_AUTOS = YES_AGGRESSIVE;
				GCC_WARN_UNUSED_FUNCTION = YES;
				GCC_WARN_UNUSED_VARIABLE = YES;
				MACOSX_DEPLOYMENT_TARGET = 10.14;
				MTL_ENABLE_DEBUG_INFO = INCLUDE_SOURCE;
				MTL_FAST_MATH = YES;
				ONLY_ACTIVE_ARCH = YES;
				SDKROOT = macosx;
			};
			name = Debug;
		};
		92850B9222883533006E13B1 /* Release */ = {
			isa = XCBuildConfiguration;
			buildSettings = {
				ALWAYS_SEARCH_USER_PATHS = NO;
				CLANG_ANALYZER_NONNULL = YES;
				CLANG_ANALYZER_NUMBER_OBJECT_CONVERSION = YES_AGGRESSIVE;
				CLANG_CXX_LANGUAGE_STANDARD = "gnu++14";
				CLANG_CXX_LIBRARY = "libc++";
				CLANG_ENABLE_MODULES = YES;
				CLANG_ENABLE_OBJC_ARC = YES;
				CLANG_ENABLE_OBJC_WEAK = YES;
				CLANG_WARN_BLOCK_CAPTURE_AUTORELEASING = YES;
				CLANG_WARN_BOOL_CONVERSION = YES;
				CLANG_WARN_COMMA = YES;
				CLANG_WARN_CONSTANT_CONVERSION = YES;
				CLANG_WARN_DEPRECATED_OBJC_IMPLEMENTATIONS = YES;
				CLANG_WARN_DIRECT_OBJC_ISA_USAGE = YES_ERROR;
				CLANG_WARN_DOCUMENTATION_COMMENTS = YES;
				CLANG_WARN_EMPTY_BODY = YES;
				CLANG_WARN_ENUM_CONVERSION = YES;
				CLANG_WARN_INFINITE_RECURSION = YES;
				CLANG_WARN_INT_CONVERSION = YES;
				CLANG_WARN_NON_LITERAL_NULL_CONVERSION = YES;
				CLANG_WARN_OBJC_IMPLICIT_RETAIN_SELF = YES;
				CLANG_WARN_OBJC_LITERAL_CONVERSION = YES;
				CLANG_WARN_OBJC_ROOT_CLASS = YES_ERROR;
				CLANG_WARN_RANGE_LOOP_ANALYSIS = YES;
				CLANG_WARN_STRICT_PROTOTYPES = YES;
				CLANG_WARN_SUSPICIOUS_MOVE = YES;
				CLANG_WARN_UNGUARDED_AVAILABILITY = YES_AGGRESSIVE;
				CLANG_WARN_UNREACHABLE_CODE = YES;
				CLANG_WARN__DUPLICATE_METHOD_MATCH = YES;
				CODE_SIGN_IDENTITY = "-";
				COPY_PHASE_STRIP = NO;
				DEBUG_INFORMATION_FORMAT = "dwarf-with-dsym";
				ENABLE_NS_ASSERTIONS = NO;
				ENABLE_STRICT_OBJC_MSGSEND = YES;
				GCC_C_LANGUAGE_STANDARD = gnu11;
				GCC_NO_COMMON_BLOCKS = YES;
				GCC_WARN_64_TO_32_BIT_CONVERSION = YES;
				GCC_WARN_ABOUT_RETURN_TYPE = YES_ERROR;
				GCC_WARN_UNDECLARED_SELECTOR = YES;
				GCC_WARN_UNINITIALIZED_AUTOS = YES_AGGRESSIVE;
				GCC_WARN_UNUSED_FUNCTION = YES;
				GCC_WARN_UNUSED_VARIABLE = YES;
				MACOSX_DEPLOYMENT_TARGET = 10.14;
				MTL_ENABLE_DEBUG_INFO = NO;
				MTL_FAST_MATH = YES;
				SDKROOT = macosx;
			};
			name = Release;
		};
		92850B9422883533006E13B1 /* Debug */ = {
			isa = XCBuildConfiguration;
			buildSettings = {
				CODE_SIGN_STYLE = Automatic;
				PRODUCT_NAME = "$(TARGET_NAME)";
			};
			name = Debug;
		};
		92850B9522883533006E13B1 /* Release */ = {
			isa = XCBuildConfiguration;
			buildSettings = {
				CODE_SIGN_STYLE = Automatic;
				PRODUCT_NAME = "$(TARGET_NAME)";
			};
			name = Release;
		};
/* End XCBuildConfiguration section */

/* Begin XCConfigurationList section */
		92850B8722883533006E13B1 /* Build configuration list for PBXProject "Testing2" */ = {
			isa = XCConfigurationList;
			buildConfigurations = (
				92850B9122883533006E13B1 /* Debug */,
				92850B9222883533006E13B1 /* Release */,
			);
			defaultConfigurationIsVisible = 0;
			defaultConfigurationName = Release;
		};
		92850B9322883533006E13B1 /* Build configuration list for PBXNativeTarget "Testing2" */ = {
			isa = XCConfigurationList;
			buildConfigurations = (
				92850B9422883533006E13B1 /* Debug */,
				92850B9522883533006E13B1 /* Release */,
			);
			defaultConfigurationIsVisible = 0;
			defaultConfigurationName = Release;
		};
/* End XCConfigurationList section */
	};
	rootObject = 92850B8422883533006E13B1 /* Project object */;
}
